// !$*UTF8*$!
{
	archiveVersion = 1;
	classes = {
	};
	objectVersion = 56;
	objects = {

/* Begin PBXBuildFile section */
		44BB2BB629A83DB4000643A9 /* ScanDirectApp.swift in Sources */ = {isa = PBXBuildFile; fileRef = 44BB2BB529A83DB4000643A9 /* ScanDirectApp.swift */; };
		44BB2BB829A83DB4000643A9 /* ContentView.swift in Sources */ = {isa = PBXBuildFile; fileRef = 44BB2BB729A83DB4000643A9 /* ContentView.swift */; };
		44BB2BBA29A83DB5000643A9 /* Assets.xcassets in Resources */ = {isa = PBXBuildFile; fileRef = 44BB2BB929A83DB5000643A9 /* Assets.xcassets */; };
		44BB2BBD29A83DB5000643A9 /* Preview Assets.xcassets in Resources */ = {isa = PBXBuildFile; fileRef = 44BB2BBC29A83DB5000643A9 /* Preview Assets.xcassets */; };
		44BB2BBF29A83DB5000643A9 /* Persistence.swift in Sources */ = {isa = PBXBuildFile; fileRef = 44BB2BBE29A83DB5000643A9 /* Persistence.swift */; };
		44BB2BC229A83DB5000643A9 /* ScanDirect.xcdatamodeld in Sources */ = {isa = PBXBuildFile; fileRef = 44BB2BC029A83DB5000643A9 /* ScanDirect.xcdatamodeld */; };
		44BB2BCA29A8446C000643A9 /* Introspect in Frameworks */ = {isa = PBXBuildFile; productRef = 44BB2BC929A8446C000643A9 /* Introspect */; };
		44BB2BCE29A8453E000643A9 /* KeyInput.swift in Sources */ = {isa = PBXBuildFile; fileRef = 44BB2BCD29A8453E000643A9 /* KeyInput.swift */; };
		44BB2BD129A84649000643A9 /* Store.swift in Sources */ = {isa = PBXBuildFile; fileRef = 44BB2BD029A84649000643A9 /* Store.swift */; };
		44BB2BD429A84714000643A9 /* Device.swift in Sources */ = {isa = PBXBuildFile; fileRef = 44BB2BD329A84714000643A9 /* Device.swift */; };
		44BB2BD629A84731000643A9 /* App.swift in Sources */ = {isa = PBXBuildFile; fileRef = 44BB2BD529A84731000643A9 /* App.swift */; };
		44BB2BDA29A84793000643A9 /* LoginView.swift in Sources */ = {isa = PBXBuildFile; fileRef = 44BB2BD929A84793000643A9 /* LoginView.swift */; };
		44BB2BDE29A8481B000643A9 /* PhoneLoginView.swift in Sources */ = {isa = PBXBuildFile; fileRef = 44BB2BDD29A8481B000643A9 /* PhoneLoginView.swift */; };
		44BB2BE029A8482C000643A9 /* TabletLoginView.swift in Sources */ = {isa = PBXBuildFile; fileRef = 44BB2BDF29A8482C000643A9 /* TabletLoginView.swift */; };
		44BB2BE329A849E4000643A9 /* ggcTheme.swift in Sources */ = {isa = PBXBuildFile; fileRef = 44BB2BE229A849E4000643A9 /* ggcTheme.swift */; };
		44BB2BE829A84DEC000643A9 /* ActivityIndicatorView in Frameworks */ = {isa = PBXBuildFile; productRef = 44BB2BE729A84DEC000643A9 /* ActivityIndicatorView */; };
		44BB2BEB29A850DF000643A9 /* AWSAPIPlugin in Frameworks */ = {isa = PBXBuildFile; productRef = 44BB2BEA29A850DF000643A9 /* AWSAPIPlugin */; };
		44BB2BED29A850DF000643A9 /* AWSCognitoAuthPlugin in Frameworks */ = {isa = PBXBuildFile; productRef = 44BB2BEC29A850DF000643A9 /* AWSCognitoAuthPlugin */; };
		44BB2BEF29A850DF000643A9 /* AWSDataStorePlugin in Frameworks */ = {isa = PBXBuildFile; productRef = 44BB2BEE29A850DF000643A9 /* AWSDataStorePlugin */; };
		44BB2BF129A850DF000643A9 /* AWSPinpointAnalyticsPlugin in Frameworks */ = {isa = PBXBuildFile; productRef = 44BB2BF029A850DF000643A9 /* AWSPinpointAnalyticsPlugin */; };
		44BB2BF329A850DF000643A9 /* AWSPluginsCore in Frameworks */ = {isa = PBXBuildFile; productRef = 44BB2BF229A850DF000643A9 /* AWSPluginsCore */; };
		44BB2BF529A850DF000643A9 /* Amplify in Frameworks */ = {isa = PBXBuildFile; productRef = 44BB2BF429A850DF000643A9 /* Amplify */; };
		44BB2BFD29A8743A000643A9 /* GoogleService-Info.plist in Resources */ = {isa = PBXBuildFile; fileRef = 44BB2BFC29A87439000643A9 /* GoogleService-Info.plist */; };
		44BB2C0329A8779E000643A9 /* PhoneNavigationView.swift in Sources */ = {isa = PBXBuildFile; fileRef = 44BB2C0229A8779E000643A9 /* PhoneNavigationView.swift */; };
		44BB2C0529A87816000643A9 /* MenuSkeleton.swift in Sources */ = {isa = PBXBuildFile; fileRef = 44BB2C0429A87816000643A9 /* MenuSkeleton.swift */; };
		44BB2C0729A87850000643A9 /* LogoutButtonView.swift in Sources */ = {isa = PBXBuildFile; fileRef = 44BB2C0629A87850000643A9 /* LogoutButtonView.swift */; };
		44BB2C0929A87887000643A9 /* VersionView.swift in Sources */ = {isa = PBXBuildFile; fileRef = 44BB2C0829A87887000643A9 /* VersionView.swift */; };
		44BB2C0B29A87C3D000643A9 /* TabletHomeScreen.swift in Sources */ = {isa = PBXBuildFile; fileRef = 44BB2C0A29A87C3D000643A9 /* TabletHomeScreen.swift */; };
		44BB2C0D29A87C5C000643A9 /* NavBarLinkView.swift in Sources */ = {isa = PBXBuildFile; fileRef = 44BB2C0C29A87C5C000643A9 /* NavBarLinkView.swift */; };
		44BB2C0F29A87C7E000643A9 /* TabletNavigationView.swift in Sources */ = {isa = PBXBuildFile; fileRef = 44BB2C0E29A87C7E000643A9 /* TabletNavigationView.swift */; };
		44BB2C1129A917D7000643A9 /* UserViewModel.swift in Sources */ = {isa = PBXBuildFile; fileRef = 44BB2C1029A917D7000643A9 /* UserViewModel.swift */; };
		44BC3A2129B3ED3B0064CC45 /* Person.swift in Sources */ = {isa = PBXBuildFile; fileRef = 44BC3A2029B3ED3B0064CC45 /* Person.swift */; };
		44BC3A3029B82A020064CC45 /* FirebaseAuth in Frameworks */ = {isa = PBXBuildFile; productRef = 44BC3A2F29B82A020064CC45 /* FirebaseAuth */; };
		44BC3A3229B82A020064CC45 /* FirebaseDatabase in Frameworks */ = {isa = PBXBuildFile; productRef = 44BC3A3129B82A020064CC45 /* FirebaseDatabase */; };
		44BC3A3429B82A020064CC45 /* FirebaseFirestore in Frameworks */ = {isa = PBXBuildFile; productRef = 44BC3A3329B82A020064CC45 /* FirebaseFirestore */; };
		44BC3A3629B82A020064CC45 /* FirebaseFirestoreSwift in Frameworks */ = {isa = PBXBuildFile; productRef = 44BC3A3529B82A020064CC45 /* FirebaseFirestoreSwift */; };
		44BC3A3B29BA9A610064CC45 /* StudentLoadingView.swift in Sources */ = {isa = PBXBuildFile; fileRef = 44BC3A3A29BA9A600064CC45 /* StudentLoadingView.swift */; };
		44BC3A3E29BAB4A30064CC45 /* FrameView.swift in Sources */ = {isa = PBXBuildFile; fileRef = 44BC3A3D29BAB4A30064CC45 /* FrameView.swift */; };
		44BC3A4029BABCB00064CC45 /* CameraManager.swift in Sources */ = {isa = PBXBuildFile; fileRef = 44BC3A3F29BABCB00064CC45 /* CameraManager.swift */; };
		44BC3A4229BAE59C0064CC45 /* FrameManeger.swift in Sources */ = {isa = PBXBuildFile; fileRef = 44BC3A4129BAE59C0064CC45 /* FrameManeger.swift */; };
		44BC3A4429BAE9EE0064CC45 /* ContentViewModel.swift in Sources */ = {isa = PBXBuildFile; fileRef = 44BC3A4329BAE9EE0064CC45 /* ContentViewModel.swift */; };
		44BC3A4629BB85020064CC45 /* CameraError.swift in Sources */ = {isa = PBXBuildFile; fileRef = 44BC3A4529BB85020064CC45 /* CameraError.swift */; };
		44BC3A4A29BB86B70064CC45 /* CGImageExtension.swift in Sources */ = {isa = PBXBuildFile; fileRef = 44BC3A4929BB86B70064CC45 /* CGImageExtension.swift */; };
		44BCCC9729BBF340004F3986 /* ErrorView.swift in Sources */ = {isa = PBXBuildFile; fileRef = 44BCCC9629BBF340004F3986 /* ErrorView.swift */; };
		44E99AD529A9A859003B8CC6 /* PersonSearchView.swift in Sources */ = {isa = PBXBuildFile; fileRef = 44E99AD429A9A859003B8CC6 /* PersonSearchView.swift */; };
		44E99AD929A9AEC5003B8CC6 /* KeyboardListenerView.swift in Sources */ = {isa = PBXBuildFile; fileRef = 44E99AD829A9AEC5003B8CC6 /* KeyboardListenerView.swift */; };
		44E99ADB29A9AF5E003B8CC6 /* CardView.swift in Sources */ = {isa = PBXBuildFile; fileRef = 44E99ADA29A9AF5E003B8CC6 /* CardView.swift */; };
		44E99ADD29A9AF84003B8CC6 /* SpinnerView.swift in Sources */ = {isa = PBXBuildFile; fileRef = 44E99ADC29A9AF84003B8CC6 /* SpinnerView.swift */; };
		44E99AE029AEF46C003B8CC6 /* SideBarView.swift in Sources */ = {isa = PBXBuildFile; fileRef = 44E99ADF29AEF46C003B8CC6 /* SideBarView.swift */; };
/* End PBXBuildFile section */

/* Begin PBXFileReference section */
		44BB2BB229A83DB4000643A9 /* ScanDirect.app */ = {isa = PBXFileReference; explicitFileType = wrapper.application; includeInIndex = 0; path = ScanDirect.app; sourceTree = BUILT_PRODUCTS_DIR; };
		44BB2BB529A83DB4000643A9 /* ScanDirectApp.swift */ = {isa = PBXFileReference; lastKnownFileType = sourcecode.swift; path = ScanDirectApp.swift; sourceTree = "<group>"; };
		44BB2BB729A83DB4000643A9 /* ContentView.swift */ = {isa = PBXFileReference; lastKnownFileType = sourcecode.swift; path = ContentView.swift; sourceTree = "<group>"; };
		44BB2BB929A83DB5000643A9 /* Assets.xcassets */ = {isa = PBXFileReference; lastKnownFileType = folder.assetcatalog; path = Assets.xcassets; sourceTree = "<group>"; };
		44BB2BBC29A83DB5000643A9 /* Preview Assets.xcassets */ = {isa = PBXFileReference; lastKnownFileType = folder.assetcatalog; path = "Preview Assets.xcassets"; sourceTree = "<group>"; };
		44BB2BBE29A83DB5000643A9 /* Persistence.swift */ = {isa = PBXFileReference; lastKnownFileType = sourcecode.swift; path = Persistence.swift; sourceTree = "<group>"; };
		44BB2BC129A83DB5000643A9 /* ScanDirect.xcdatamodel */ = {isa = PBXFileReference; lastKnownFileType = wrapper.xcdatamodel; path = ScanDirect.xcdatamodel; sourceTree = "<group>"; };
		44BB2BCD29A8453E000643A9 /* KeyInput.swift */ = {isa = PBXFileReference; lastKnownFileType = sourcecode.swift; path = KeyInput.swift; sourceTree = "<group>"; };
		44BB2BD029A84649000643A9 /* Store.swift */ = {isa = PBXFileReference; lastKnownFileType = sourcecode.swift; path = Store.swift; sourceTree = "<group>"; };
		44BB2BD329A84714000643A9 /* Device.swift */ = {isa = PBXFileReference; lastKnownFileType = sourcecode.swift; path = Device.swift; sourceTree = "<group>"; };
		44BB2BD529A84731000643A9 /* App.swift */ = {isa = PBXFileReference; lastKnownFileType = sourcecode.swift; path = App.swift; sourceTree = "<group>"; };
		44BB2BD929A84793000643A9 /* LoginView.swift */ = {isa = PBXFileReference; lastKnownFileType = sourcecode.swift; path = LoginView.swift; sourceTree = "<group>"; };
		44BB2BDD29A8481B000643A9 /* PhoneLoginView.swift */ = {isa = PBXFileReference; lastKnownFileType = sourcecode.swift; path = PhoneLoginView.swift; sourceTree = "<group>"; };
		44BB2BDF29A8482C000643A9 /* TabletLoginView.swift */ = {isa = PBXFileReference; lastKnownFileType = sourcecode.swift; path = TabletLoginView.swift; sourceTree = "<group>"; };
		44BB2BE229A849E4000643A9 /* ggcTheme.swift */ = {isa = PBXFileReference; lastKnownFileType = sourcecode.swift; path = ggcTheme.swift; sourceTree = "<group>"; };
		44BB2BF829A868AC000643A9 /* ScanDirect.entitlements */ = {isa = PBXFileReference; lastKnownFileType = text.plist.entitlements; path = ScanDirect.entitlements; sourceTree = "<group>"; };
		44BB2BFC29A87439000643A9 /* GoogleService-Info.plist */ = {isa = PBXFileReference; fileEncoding = 4; lastKnownFileType = text.plist.xml; name = "GoogleService-Info.plist"; path = "../../../../Downloads/GoogleService-Info.plist"; sourceTree = "<group>"; };
		44BB2C0229A8779E000643A9 /* PhoneNavigationView.swift */ = {isa = PBXFileReference; lastKnownFileType = sourcecode.swift; path = PhoneNavigationView.swift; sourceTree = "<group>"; };
		44BB2C0429A87816000643A9 /* MenuSkeleton.swift */ = {isa = PBXFileReference; lastKnownFileType = sourcecode.swift; path = MenuSkeleton.swift; sourceTree = "<group>"; };
		44BB2C0629A87850000643A9 /* LogoutButtonView.swift */ = {isa = PBXFileReference; lastKnownFileType = sourcecode.swift; path = LogoutButtonView.swift; sourceTree = "<group>"; };
		44BB2C0829A87887000643A9 /* VersionView.swift */ = {isa = PBXFileReference; lastKnownFileType = sourcecode.swift; path = VersionView.swift; sourceTree = "<group>"; };
		44BB2C0A29A87C3D000643A9 /* TabletHomeScreen.swift */ = {isa = PBXFileReference; lastKnownFileType = sourcecode.swift; path = TabletHomeScreen.swift; sourceTree = "<group>"; };
		44BB2C0C29A87C5C000643A9 /* NavBarLinkView.swift */ = {isa = PBXFileReference; lastKnownFileType = sourcecode.swift; path = NavBarLinkView.swift; sourceTree = "<group>"; };
		44BB2C0E29A87C7E000643A9 /* TabletNavigationView.swift */ = {isa = PBXFileReference; lastKnownFileType = sourcecode.swift; path = TabletNavigationView.swift; sourceTree = "<group>"; };
		44BB2C1029A917D7000643A9 /* UserViewModel.swift */ = {isa = PBXFileReference; lastKnownFileType = sourcecode.swift; path = UserViewModel.swift; sourceTree = "<group>"; };
		44BC3A2029B3ED3B0064CC45 /* Person.swift */ = {isa = PBXFileReference; lastKnownFileType = sourcecode.swift; path = Person.swift; sourceTree = "<group>"; };
		44BC3A3A29BA9A600064CC45 /* StudentLoadingView.swift */ = {isa = PBXFileReference; lastKnownFileType = sourcecode.swift; path = StudentLoadingView.swift; sourceTree = "<group>"; };
		44BC3A3D29BAB4A30064CC45 /* FrameView.swift */ = {isa = PBXFileReference; lastKnownFileType = sourcecode.swift; path = FrameView.swift; sourceTree = "<group>"; };
		44BC3A3F29BABCB00064CC45 /* CameraManager.swift */ = {isa = PBXFileReference; lastKnownFileType = sourcecode.swift; path = CameraManager.swift; sourceTree = "<group>"; };
		44BC3A4129BAE59C0064CC45 /* FrameManeger.swift */ = {isa = PBXFileReference; lastKnownFileType = sourcecode.swift; path = FrameManeger.swift; sourceTree = "<group>"; };
		44BC3A4329BAE9EE0064CC45 /* ContentViewModel.swift */ = {isa = PBXFileReference; lastKnownFileType = sourcecode.swift; path = ContentViewModel.swift; sourceTree = "<group>"; };
		44BC3A4529BB85020064CC45 /* CameraError.swift */ = {isa = PBXFileReference; lastKnownFileType = sourcecode.swift; path = CameraError.swift; sourceTree = "<group>"; };
		44BC3A4929BB86B70064CC45 /* CGImageExtension.swift */ = {isa = PBXFileReference; lastKnownFileType = sourcecode.swift; path = CGImageExtension.swift; sourceTree = "<group>"; };
		44BCCC9629BBF340004F3986 /* ErrorView.swift */ = {isa = PBXFileReference; lastKnownFileType = sourcecode.swift; path = ErrorView.swift; sourceTree = "<group>"; };
		44E99AD429A9A859003B8CC6 /* PersonSearchView.swift */ = {isa = PBXFileReference; lastKnownFileType = sourcecode.swift; path = PersonSearchView.swift; sourceTree = "<group>"; };
		44E99AD829A9AEC5003B8CC6 /* KeyboardListenerView.swift */ = {isa = PBXFileReference; lastKnownFileType = sourcecode.swift; path = KeyboardListenerView.swift; sourceTree = "<group>"; };
		44E99ADA29A9AF5E003B8CC6 /* CardView.swift */ = {isa = PBXFileReference; lastKnownFileType = sourcecode.swift; path = CardView.swift; sourceTree = "<group>"; };
		44E99ADC29A9AF84003B8CC6 /* SpinnerView.swift */ = {isa = PBXFileReference; lastKnownFileType = sourcecode.swift; path = SpinnerView.swift; sourceTree = "<group>"; };
		44E99ADF29AEF46C003B8CC6 /* SideBarView.swift */ = {isa = PBXFileReference; lastKnownFileType = sourcecode.swift; path = SideBarView.swift; sourceTree = "<group>"; };
/* End PBXFileReference section */

/* Begin PBXFrameworksBuildPhase section */
		44BB2BAF29A83DB4000643A9 /* Frameworks */ = {
			isa = PBXFrameworksBuildPhase;
			buildActionMask = 2147483647;
			files = (
				44BC3A3229B82A020064CC45 /* FirebaseDatabase in Frameworks */,
				44BB2BEB29A850DF000643A9 /* AWSAPIPlugin in Frameworks */,
				44BB2BF529A850DF000643A9 /* Amplify in Frameworks */,
				44BB2BF329A850DF000643A9 /* AWSPluginsCore in Frameworks */,
				44BB2BF129A850DF000643A9 /* AWSPinpointAnalyticsPlugin in Frameworks */,
				44BC3A3029B82A020064CC45 /* FirebaseAuth in Frameworks */,
				44BB2BE829A84DEC000643A9 /* ActivityIndicatorView in Frameworks */,
				44BB2BCA29A8446C000643A9 /* Introspect in Frameworks */,
				44BB2BEF29A850DF000643A9 /* AWSDataStorePlugin in Frameworks */,
				44BC3A3429B82A020064CC45 /* FirebaseFirestore in Frameworks */,
				44BB2BED29A850DF000643A9 /* AWSCognitoAuthPlugin in Frameworks */,
				44BC3A3629B82A020064CC45 /* FirebaseFirestoreSwift in Frameworks */,
			);
			runOnlyForDeploymentPostprocessing = 0;
		};
/* End PBXFrameworksBuildPhase section */

/* Begin PBXGroup section */
		44BB2BA929A83DB4000643A9 = {
			isa = PBXGroup;
			children = (
				44BB2BB429A83DB4000643A9 /* ScanDirect */,
				44BB2BB329A83DB4000643A9 /* Products */,
			);
			sourceTree = "<group>";
		};
		44BB2BB329A83DB4000643A9 /* Products */ = {
			isa = PBXGroup;
			children = (
				44BB2BB229A83DB4000643A9 /* ScanDirect.app */,
			);
			name = Products;
			sourceTree = "<group>";
		};
		44BB2BB429A83DB4000643A9 /* ScanDirect */ = {
			isa = PBXGroup;
			children = (
				44BC3A1F29B3ED200064CC45 /* Models */,
				44BB2BFC29A87439000643A9 /* GoogleService-Info.plist */,
				44BB2BF829A868AC000643A9 /* ScanDirect.entitlements */,
				44BB2BE129A849C9000643A9 /* Core */,
				44BB2BD729A84775000643A9 /* Views */,
				44BB2BD229A846F7000643A9 /* Utilities */,
				44BB2BCF29A84626000643A9 /* Store */,
				44BB2BCB29A84513000643A9 /* Framework */,
				44BB2BB529A83DB4000643A9 /* ScanDirectApp.swift */,
				44BB2BB729A83DB4000643A9 /* ContentView.swift */,
				44BB2BB929A83DB5000643A9 /* Assets.xcassets */,
				44BB2BBE29A83DB5000643A9 /* Persistence.swift */,
				44BB2BC029A83DB5000643A9 /* ScanDirect.xcdatamodeld */,
				44BB2BBB29A83DB5000643A9 /* Preview Content */,
			);
			path = ScanDirect;
			sourceTree = "<group>";
		};
		44BB2BBB29A83DB5000643A9 /* Preview Content */ = {
			isa = PBXGroup;
			children = (
				44BB2BBC29A83DB5000643A9 /* Preview Assets.xcassets */,
			);
			path = "Preview Content";
			sourceTree = "<group>";
		};
		44BB2BCB29A84513000643A9 /* Framework */ = {
			isa = PBXGroup;
			children = (
				44BB2BCC29A84521000643A9 /* Keystroke */,
			);
			path = Framework;
			sourceTree = "<group>";
		};
		44BB2BCC29A84521000643A9 /* Keystroke */ = {
			isa = PBXGroup;
			children = (
				44BB2BCD29A8453E000643A9 /* KeyInput.swift */,
			);
			path = Keystroke;
			sourceTree = "<group>";
		};
		44BB2BCF29A84626000643A9 /* Store */ = {
			isa = PBXGroup;
			children = (
				44BB2BD029A84649000643A9 /* Store.swift */,
			);
			path = Store;
			sourceTree = "<group>";
		};
		44BB2BD229A846F7000643A9 /* Utilities */ = {
			isa = PBXGroup;
			children = (
				44BB2BD329A84714000643A9 /* Device.swift */,
				44BB2BD529A84731000643A9 /* App.swift */,
				44BB2C1029A917D7000643A9 /* UserViewModel.swift */,
			);
			path = Utilities;
			sourceTree = "<group>";
		};
		44BB2BD729A84775000643A9 /* Views */ = {
			isa = PBXGroup;
			children = (
				44BC3A3C29BAB4660064CC45 /* Scanner */,
				44E99ADE29AEF41D003B8CC6 /* SideBar */,
				44E99AD629A9ADFF003B8CC6 /* _Shared */,
				44E99AD329A9A837003B8CC6 /* PersonSearch */,
				44BB2BFE29A87706000643A9 /* HomeScreen */,
				44BB2BD829A84783000643A9 /* Login */,
			);
			path = Views;
			sourceTree = "<group>";
		};
		44BB2BD829A84783000643A9 /* Login */ = {
			isa = PBXGroup;
			children = (
				44BB2BDC29A847FA000643A9 /* Tablet */,
				44BB2BDB29A847F0000643A9 /* Phone */,
				44BB2BD929A84793000643A9 /* LoginView.swift */,
			);
			path = Login;
			sourceTree = "<group>";
		};
		44BB2BDB29A847F0000643A9 /* Phone */ = {
			isa = PBXGroup;
			children = (
				44BB2BDD29A8481B000643A9 /* PhoneLoginView.swift */,
			);
			path = Phone;
			sourceTree = "<group>";
		};
		44BB2BDC29A847FA000643A9 /* Tablet */ = {
			isa = PBXGroup;
			children = (
				44BB2BDF29A8482C000643A9 /* TabletLoginView.swift */,
			);
			path = Tablet;
			sourceTree = "<group>";
		};
		44BB2BE129A849C9000643A9 /* Core */ = {
			isa = PBXGroup;
			children = (
				44BB2BE229A849E4000643A9 /* ggcTheme.swift */,
			);
			path = Core;
			sourceTree = "<group>";
		};
		44BB2BFE29A87706000643A9 /* HomeScreen */ = {
			isa = PBXGroup;
			children = (
				44BB2C0129A8773D000643A9 /* _Shared */,
				44BB2C0029A8772A000643A9 /* Phone */,
				44BB2BFF29A87721000643A9 /* Tablet */,
			);
			path = HomeScreen;
			sourceTree = "<group>";
		};
		44BB2BFF29A87721000643A9 /* Tablet */ = {
			isa = PBXGroup;
			children = (
				44BB2C0A29A87C3D000643A9 /* TabletHomeScreen.swift */,
				44BB2C0C29A87C5C000643A9 /* NavBarLinkView.swift */,
				44BB2C0E29A87C7E000643A9 /* TabletNavigationView.swift */,
			);
			path = Tablet;
			sourceTree = "<group>";
		};
		44BB2C0029A8772A000643A9 /* Phone */ = {
			isa = PBXGroup;
			children = (
				44BB2C0229A8779E000643A9 /* PhoneNavigationView.swift */,
			);
			path = Phone;
			sourceTree = "<group>";
		};
		44BB2C0129A8773D000643A9 /* _Shared */ = {
			isa = PBXGroup;
			children = (
				44BB2C0429A87816000643A9 /* MenuSkeleton.swift */,
				44BB2C0629A87850000643A9 /* LogoutButtonView.swift */,
				44BB2C0829A87887000643A9 /* VersionView.swift */,
			);
			path = _Shared;
			sourceTree = "<group>";
		};
		44BC3A1F29B3ED200064CC45 /* Models */ = {
			isa = PBXGroup;
			children = (
				44BC3A2029B3ED3B0064CC45 /* Person.swift */,
			);
			path = Models;
			sourceTree = "<group>";
		};
		44BC3A3C29BAB4660064CC45 /* Scanner */ = {
			isa = PBXGroup;
			children = (
				44BC3A4829BB86770064CC45 /* Extensions */,
				44BC3A3D29BAB4A30064CC45 /* FrameView.swift */,
				44BC3A3F29BABCB00064CC45 /* CameraManager.swift */,
				44BC3A4129BAE59C0064CC45 /* FrameManeger.swift */,
				44BC3A4329BAE9EE0064CC45 /* ContentViewModel.swift */,
				44BC3A4529BB85020064CC45 /* CameraError.swift */,
				44BCCC9629BBF340004F3986 /* ErrorView.swift */,
			);
			path = Scanner;
			sourceTree = "<group>";
		};
		44BC3A4829BB86770064CC45 /* Extensions */ = {
			isa = PBXGroup;
			children = (
				44BC3A4929BB86B70064CC45 /* CGImageExtension.swift */,
			);
			path = Extensions;
			sourceTree = "<group>";
		};
		44E99AD329A9A837003B8CC6 /* PersonSearch */ = {
			isa = PBXGroup;
			children = (
				44E99AD429A9A859003B8CC6 /* PersonSearchView.swift */,
				44BC3A3A29BA9A600064CC45 /* StudentLoadingView.swift */,
			);
			path = PersonSearch;
			sourceTree = "<group>";
		};
		44E99AD629A9ADFF003B8CC6 /* _Shared */ = {
			isa = PBXGroup;
			children = (
				44E99AD729A9AE7D003B8CC6 /* KeyboardListenerUIView */,
				44E99ADA29A9AF5E003B8CC6 /* CardView.swift */,
				44E99ADC29A9AF84003B8CC6 /* SpinnerView.swift */,
			);
			path = _Shared;
			sourceTree = "<group>";
		};
		44E99AD729A9AE7D003B8CC6 /* KeyboardListenerUIView */ = {
			isa = PBXGroup;
			children = (
				44E99AD829A9AEC5003B8CC6 /* KeyboardListenerView.swift */,
			);
			path = KeyboardListenerUIView;
			sourceTree = "<group>";
		};
		44E99ADE29AEF41D003B8CC6 /* SideBar */ = {
			isa = PBXGroup;
			children = (
				44E99ADF29AEF46C003B8CC6 /* SideBarView.swift */,
			);
			path = SideBar;
			sourceTree = "<group>";
		};
/* End PBXGroup section */

/* Begin PBXNativeTarget section */
		44BB2BB129A83DB4000643A9 /* ScanDirect */ = {
			isa = PBXNativeTarget;
			buildConfigurationList = 44BB2BC529A83DB5000643A9 /* Build configuration list for PBXNativeTarget "ScanDirect" */;
			buildPhases = (
				44BB2BAE29A83DB4000643A9 /* Sources */,
				44BB2BAF29A83DB4000643A9 /* Frameworks */,
				44BB2BB029A83DB4000643A9 /* Resources */,
			);
			buildRules = (
			);
			dependencies = (
			);
			name = ScanDirect;
			packageProductDependencies = (
				44BB2BC929A8446C000643A9 /* Introspect */,
				44BB2BE729A84DEC000643A9 /* ActivityIndicatorView */,
				44BB2BEA29A850DF000643A9 /* AWSAPIPlugin */,
				44BB2BEC29A850DF000643A9 /* AWSCognitoAuthPlugin */,
				44BB2BEE29A850DF000643A9 /* AWSDataStorePlugin */,
				44BB2BF029A850DF000643A9 /* AWSPinpointAnalyticsPlugin */,
				44BB2BF229A850DF000643A9 /* AWSPluginsCore */,
				44BB2BF429A850DF000643A9 /* Amplify */,
				44BC3A2F29B82A020064CC45 /* FirebaseAuth */,
				44BC3A3129B82A020064CC45 /* FirebaseDatabase */,
				44BC3A3329B82A020064CC45 /* FirebaseFirestore */,
				44BC3A3529B82A020064CC45 /* FirebaseFirestoreSwift */,
			);
			productName = ScanDirect;
			productReference = 44BB2BB229A83DB4000643A9 /* ScanDirect.app */;
			productType = "com.apple.product-type.application";
		};
/* End PBXNativeTarget section */

/* Begin PBXProject section */
		44BB2BAA29A83DB4000643A9 /* Project object */ = {
			isa = PBXProject;
			attributes = {
				BuildIndependentTargetsInParallel = 1;
				LastSwiftUpdateCheck = 1420;
				LastUpgradeCheck = 1420;
				TargetAttributes = {
					44BB2BB129A83DB4000643A9 = {
						CreatedOnToolsVersion = 14.2;
					};
				};
			};
			buildConfigurationList = 44BB2BAD29A83DB4000643A9 /* Build configuration list for PBXProject "ScanDirect" */;
			compatibilityVersion = "Xcode 14.0";
			developmentRegion = en;
			hasScannedForEncodings = 0;
			knownRegions = (
				en,
				Base,
			);
			mainGroup = 44BB2BA929A83DB4000643A9;
			packageReferences = (
				44BB2BC829A8446C000643A9 /* XCRemoteSwiftPackageReference "SwiftUI-Introspect" */,
				44BB2BE629A84DEC000643A9 /* XCRemoteSwiftPackageReference "ActivityIndicatorView" */,
				44BB2BE929A850DF000643A9 /* XCRemoteSwiftPackageReference "amplify-swift" */,
				44BC3A2E29B82A010064CC45 /* XCRemoteSwiftPackageReference "firebase-ios-sdk" */,
			);
			productRefGroup = 44BB2BB329A83DB4000643A9 /* Products */;
			projectDirPath = "";
			projectRoot = "";
			targets = (
				44BB2BB129A83DB4000643A9 /* ScanDirect */,
			);
		};
/* End PBXProject section */

/* Begin PBXResourcesBuildPhase section */
		44BB2BB029A83DB4000643A9 /* Resources */ = {
			isa = PBXResourcesBuildPhase;
			buildActionMask = 2147483647;
			files = (
				44BB2BBD29A83DB5000643A9 /* Preview Assets.xcassets in Resources */,
				44BB2BBA29A83DB5000643A9 /* Assets.xcassets in Resources */,
				44BB2BFD29A8743A000643A9 /* GoogleService-Info.plist in Resources */,
			);
			runOnlyForDeploymentPostprocessing = 0;
		};
/* End PBXResourcesBuildPhase section */

/* Begin PBXSourcesBuildPhase section */
		44BB2BAE29A83DB4000643A9 /* Sources */ = {
			isa = PBXSourcesBuildPhase;
			buildActionMask = 2147483647;
			files = (
				44BB2BBF29A83DB5000643A9 /* Persistence.swift in Sources */,
				44BC3A4A29BB86B70064CC45 /* CGImageExtension.swift in Sources */,
				44BC3A3B29BA9A610064CC45 /* StudentLoadingView.swift in Sources */,
				44BB2C0529A87816000643A9 /* MenuSkeleton.swift in Sources */,
				44BB2C0D29A87C5C000643A9 /* NavBarLinkView.swift in Sources */,
				44BB2C0329A8779E000643A9 /* PhoneNavigationView.swift in Sources */,
				44BB2BB829A83DB4000643A9 /* ContentView.swift in Sources */,
				44BC3A4029BABCB00064CC45 /* CameraManager.swift in Sources */,
				44BB2BE029A8482C000643A9 /* TabletLoginView.swift in Sources */,
				44BB2BCE29A8453E000643A9 /* KeyInput.swift in Sources */,
				44BB2C0729A87850000643A9 /* LogoutButtonView.swift in Sources */,
				44BB2C0F29A87C7E000643A9 /* TabletNavigationView.swift in Sources */,
				44BB2BDA29A84793000643A9 /* LoginView.swift in Sources */,
				44BC3A2129B3ED3B0064CC45 /* Person.swift in Sources */,
				44BC3A3E29BAB4A30064CC45 /* FrameView.swift in Sources */,
				44BB2BD129A84649000643A9 /* Store.swift in Sources */,
				44E99AD929A9AEC5003B8CC6 /* KeyboardListenerView.swift in Sources */,
				44BB2BDE29A8481B000643A9 /* PhoneLoginView.swift in Sources */,
				44BC3A4229BAE59C0064CC45 /* FrameManeger.swift in Sources */,
				44BB2C0B29A87C3D000643A9 /* TabletHomeScreen.swift in Sources */,
				44BB2C1129A917D7000643A9 /* UserViewModel.swift in Sources */,
				44BCCC9729BBF340004F3986 /* ErrorView.swift in Sources */,
				44BB2BB629A83DB4000643A9 /* ScanDirectApp.swift in Sources */,
				44BB2BD629A84731000643A9 /* App.swift in Sources */,
				44BB2BE329A849E4000643A9 /* ggcTheme.swift in Sources */,
				44E99ADB29A9AF5E003B8CC6 /* CardView.swift in Sources */,
				44BC3A4429BAE9EE0064CC45 /* ContentViewModel.swift in Sources */,
				44E99AD529A9A859003B8CC6 /* PersonSearchView.swift in Sources */,
				44BB2C0929A87887000643A9 /* VersionView.swift in Sources */,
				44BB2BD429A84714000643A9 /* Device.swift in Sources */,
				44E99ADD29A9AF84003B8CC6 /* SpinnerView.swift in Sources */,
				44E99AE029AEF46C003B8CC6 /* SideBarView.swift in Sources */,
				44BB2BC229A83DB5000643A9 /* ScanDirect.xcdatamodeld in Sources */,
				44BC3A4629BB85020064CC45 /* CameraError.swift in Sources */,
			);
			runOnlyForDeploymentPostprocessing = 0;
		};
/* End PBXSourcesBuildPhase section */

/* Begin XCBuildConfiguration section */
		44BB2BC329A83DB5000643A9 /* Debug */ = {
			isa = XCBuildConfiguration;
			buildSettings = {
				ALWAYS_SEARCH_USER_PATHS = NO;
				CLANG_ANALYZER_NONNULL = YES;
				CLANG_ANALYZER_NUMBER_OBJECT_CONVERSION = YES_AGGRESSIVE;
				CLANG_CXX_LANGUAGE_STANDARD = "gnu++20";
				CLANG_ENABLE_MODULES = YES;
				CLANG_ENABLE_OBJC_ARC = YES;
				CLANG_ENABLE_OBJC_WEAK = YES;
				CLANG_WARN_BLOCK_CAPTURE_AUTORELEASING = YES;
				CLANG_WARN_BOOL_CONVERSION = YES;
				CLANG_WARN_COMMA = YES;
				CLANG_WARN_CONSTANT_CONVERSION = YES;
				CLANG_WARN_DEPRECATED_OBJC_IMPLEMENTATIONS = YES;
				CLANG_WARN_DIRECT_OBJC_ISA_USAGE = YES_ERROR;
				CLANG_WARN_DOCUMENTATION_COMMENTS = YES;
				CLANG_WARN_EMPTY_BODY = YES;
				CLANG_WARN_ENUM_CONVERSION = YES;
				CLANG_WARN_INFINITE_RECURSION = YES;
				CLANG_WARN_INT_CONVERSION = YES;
				CLANG_WARN_NON_LITERAL_NULL_CONVERSION = YES;
				CLANG_WARN_OBJC_IMPLICIT_RETAIN_SELF = YES;
				CLANG_WARN_OBJC_LITERAL_CONVERSION = YES;
				CLANG_WARN_OBJC_ROOT_CLASS = YES_ERROR;
				CLANG_WARN_QUOTED_INCLUDE_IN_FRAMEWORK_HEADER = YES;
				CLANG_WARN_RANGE_LOOP_ANALYSIS = YES;
				CLANG_WARN_STRICT_PROTOTYPES = YES;
				CLANG_WARN_SUSPICIOUS_MOVE = YES;
				CLANG_WARN_UNGUARDED_AVAILABILITY = YES_AGGRESSIVE;
				CLANG_WARN_UNREACHABLE_CODE = YES;
				CLANG_WARN__DUPLICATE_METHOD_MATCH = YES;
				COPY_PHASE_STRIP = NO;
				DEBUG_INFORMATION_FORMAT = dwarf;
				ENABLE_STRICT_OBJC_MSGSEND = YES;
				ENABLE_TESTABILITY = YES;
				GCC_C_LANGUAGE_STANDARD = gnu11;
				GCC_DYNAMIC_NO_PIC = NO;
				GCC_NO_COMMON_BLOCKS = YES;
				GCC_OPTIMIZATION_LEVEL = 0;
				GCC_PREPROCESSOR_DEFINITIONS = (
					"DEBUG=1",
					"$(inherited)",
				);
				GCC_WARN_64_TO_32_BIT_CONVERSION = YES;
				GCC_WARN_ABOUT_RETURN_TYPE = YES_ERROR;
				GCC_WARN_UNDECLARED_SELECTOR = YES;
				GCC_WARN_UNINITIALIZED_AUTOS = YES_AGGRESSIVE;
				GCC_WARN_UNUSED_FUNCTION = YES;
				GCC_WARN_UNUSED_VARIABLE = YES;
				IPHONEOS_DEPLOYMENT_TARGET = 16.2;
				MTL_ENABLE_DEBUG_INFO = INCLUDE_SOURCE;
				MTL_FAST_MATH = YES;
				ONLY_ACTIVE_ARCH = YES;
				SDKROOT = iphoneos;
				SWIFT_ACTIVE_COMPILATION_CONDITIONS = DEBUG;
				SWIFT_OPTIMIZATION_LEVEL = "-Onone";
			};
			name = Debug;
		};
		44BB2BC429A83DB5000643A9 /* Release */ = {
			isa = XCBuildConfiguration;
			buildSettings = {
				ALWAYS_SEARCH_USER_PATHS = NO;
				CLANG_ANALYZER_NONNULL = YES;
				CLANG_ANALYZER_NUMBER_OBJECT_CONVERSION = YES_AGGRESSIVE;
				CLANG_CXX_LANGUAGE_STANDARD = "gnu++20";
				CLANG_ENABLE_MODULES = YES;
				CLANG_ENABLE_OBJC_ARC = YES;
				CLANG_ENABLE_OBJC_WEAK = YES;
				CLANG_WARN_BLOCK_CAPTURE_AUTORELEASING = YES;
				CLANG_WARN_BOOL_CONVERSION = YES;
				CLANG_WARN_COMMA = YES;
				CLANG_WARN_CONSTANT_CONVERSION = YES;
				CLANG_WARN_DEPRECATED_OBJC_IMPLEMENTATIONS = YES;
				CLANG_WARN_DIRECT_OBJC_ISA_USAGE = YES_ERROR;
				CLANG_WARN_DOCUMENTATION_COMMENTS = YES;
				CLANG_WARN_EMPTY_BODY = YES;
				CLANG_WARN_ENUM_CONVERSION = YES;
				CLANG_WARN_INFINITE_RECURSION = YES;
				CLANG_WARN_INT_CONVERSION = YES;
				CLANG_WARN_NON_LITERAL_NULL_CONVERSION = YES;
				CLANG_WARN_OBJC_IMPLICIT_RETAIN_SELF = YES;
				CLANG_WARN_OBJC_LITERAL_CONVERSION = YES;
				CLANG_WARN_OBJC_ROOT_CLASS = YES_ERROR;
				CLANG_WARN_QUOTED_INCLUDE_IN_FRAMEWORK_HEADER = YES;
				CLANG_WARN_RANGE_LOOP_ANALYSIS = YES;
				CLANG_WARN_STRICT_PROTOTYPES = YES;
				CLANG_WARN_SUSPICIOUS_MOVE = YES;
				CLANG_WARN_UNGUARDED_AVAILABILITY = YES_AGGRESSIVE;
				CLANG_WARN_UNREACHABLE_CODE = YES;
				CLANG_WARN__DUPLICATE_METHOD_MATCH = YES;
				COPY_PHASE_STRIP = NO;
				DEBUG_INFORMATION_FORMAT = "dwarf-with-dsym";
				ENABLE_NS_ASSERTIONS = NO;
				ENABLE_STRICT_OBJC_MSGSEND = YES;
				GCC_C_LANGUAGE_STANDARD = gnu11;
				GCC_NO_COMMON_BLOCKS = YES;
				GCC_WARN_64_TO_32_BIT_CONVERSION = YES;
				GCC_WARN_ABOUT_RETURN_TYPE = YES_ERROR;
				GCC_WARN_UNDECLARED_SELECTOR = YES;
				GCC_WARN_UNINITIALIZED_AUTOS = YES_AGGRESSIVE;
				GCC_WARN_UNUSED_FUNCTION = YES;
				GCC_WARN_UNUSED_VARIABLE = YES;
				IPHONEOS_DEPLOYMENT_TARGET = 16.2;
				MTL_ENABLE_DEBUG_INFO = NO;
				MTL_FAST_MATH = YES;
				SDKROOT = iphoneos;
				SWIFT_COMPILATION_MODE = wholemodule;
				SWIFT_OPTIMIZATION_LEVEL = "-O";
				VALIDATE_PRODUCT = YES;
			};
			name = Release;
		};
		44BB2BC629A83DB5000643A9 /* Debug */ = {
			isa = XCBuildConfiguration;
			buildSettings = {
				ASSETCATALOG_COMPILER_APPICON_NAME = AppIcon;
				ASSETCATALOG_COMPILER_GLOBAL_ACCENT_COLOR_NAME = AccentColor;
				CODE_SIGN_ENTITLEMENTS = ScanDirect/ScanDirect.entitlements;
				CODE_SIGN_STYLE = Automatic;
				CURRENT_PROJECT_VERSION = 1;
				DEVELOPMENT_ASSET_PATHS = "\"ScanDirect/Preview Content\"";
				DEVELOPMENT_TEAM = 8JPRQNXLND;
				ENABLE_PREVIEWS = YES;
				GENERATE_INFOPLIST_FILE = YES;
				INFOPLIST_KEY_NSCameraUsageDescription = "ScanDirect needs to use your camera";
				INFOPLIST_KEY_UIApplicationSceneManifest_Generation = YES;
				INFOPLIST_KEY_UIApplicationSupportsIndirectInputEvents = YES;
				INFOPLIST_KEY_UILaunchScreen_Generation = YES;
				INFOPLIST_KEY_UISupportedInterfaceOrientations_iPad = "UIInterfaceOrientationPortrait UIInterfaceOrientationPortraitUpsideDown UIInterfaceOrientationLandscapeLeft UIInterfaceOrientationLandscapeRight";
				INFOPLIST_KEY_UISupportedInterfaceOrientations_iPhone = "UIInterfaceOrientationPortrait UIInterfaceOrientationLandscapeLeft UIInterfaceOrientationLandscapeRight";
				LD_RUNPATH_SEARCH_PATHS = (
					"$(inherited)",
					"@executable_path/Frameworks",
				);
				MARKETING_VERSION = 1.0;
				PRODUCT_BUNDLE_IDENTIFIER = com.WayneDev.ScanDirect;
				PRODUCT_NAME = "$(TARGET_NAME)";
				SWIFT_EMIT_LOC_STRINGS = YES;
				SWIFT_VERSION = 5.0;
				TARGETED_DEVICE_FAMILY = "1,2";
			};
			name = Debug;
		};
		44BB2BC729A83DB5000643A9 /* Release */ = {
			isa = XCBuildConfiguration;
			buildSettings = {
				ASSETCATALOG_COMPILER_APPICON_NAME = AppIcon;
				ASSETCATALOG_COMPILER_GLOBAL_ACCENT_COLOR_NAME = AccentColor;
				CODE_SIGN_ENTITLEMENTS = ScanDirect/ScanDirect.entitlements;
				CODE_SIGN_STYLE = Automatic;
				CURRENT_PROJECT_VERSION = 1;
				DEVELOPMENT_ASSET_PATHS = "\"ScanDirect/Preview Content\"";
				DEVELOPMENT_TEAM = 8JPRQNXLND;
				ENABLE_PREVIEWS = YES;
				GENERATE_INFOPLIST_FILE = YES;
				INFOPLIST_KEY_NSCameraUsageDescription = "ScanDirect needs to use your camera";
				INFOPLIST_KEY_UIApplicationSceneManifest_Generation = YES;
				INFOPLIST_KEY_UIApplicationSupportsIndirectInputEvents = YES;
				INFOPLIST_KEY_UILaunchScreen_Generation = YES;
				INFOPLIST_KEY_UISupportedInterfaceOrientations_iPad = "UIInterfaceOrientationPortrait UIInterfaceOrientationPortraitUpsideDown UIInterfaceOrientationLandscapeLeft UIInterfaceOrientationLandscapeRight";
				INFOPLIST_KEY_UISupportedInterfaceOrientations_iPhone = "UIInterfaceOrientationPortrait UIInterfaceOrientationLandscapeLeft UIInterfaceOrientationLandscapeRight";
				LD_RUNPATH_SEARCH_PATHS = (
					"$(inherited)",
					"@executable_path/Frameworks",
				);
				MARKETING_VERSION = 1.0;
				PRODUCT_BUNDLE_IDENTIFIER = com.WayneDev.ScanDirect;
				PRODUCT_NAME = "$(TARGET_NAME)";
				SWIFT_EMIT_LOC_STRINGS = YES;
				SWIFT_VERSION = 5.0;
				TARGETED_DEVICE_FAMILY = "1,2";
			};
			name = Release;
		};
/* End XCBuildConfiguration section */

/* Begin XCConfigurationList section */
		44BB2BAD29A83DB4000643A9 /* Build configuration list for PBXProject "ScanDirect" */ = {
			isa = XCConfigurationList;
			buildConfigurations = (
				44BB2BC329A83DB5000643A9 /* Debug */,
				44BB2BC429A83DB5000643A9 /* Release */,
			);
			defaultConfigurationIsVisible = 0;
			defaultConfigurationName = Release;
		};
		44BB2BC529A83DB5000643A9 /* Build configuration list for PBXNativeTarget "ScanDirect" */ = {
			isa = XCConfigurationList;
			buildConfigurations = (
				44BB2BC629A83DB5000643A9 /* Debug */,
				44BB2BC729A83DB5000643A9 /* Release */,
			);
			defaultConfigurationIsVisible = 0;
			defaultConfigurationName = Release;
		};
/* End XCConfigurationList section */

/* Begin XCRemoteSwiftPackageReference section */
		44BB2BC829A8446C000643A9 /* XCRemoteSwiftPackageReference "SwiftUI-Introspect" */ = {
			isa = XCRemoteSwiftPackageReference;
			repositoryURL = "https://github.com/siteline/SwiftUI-Introspect";
			requirement = {
				kind = upToNextMajorVersion;
				minimumVersion = 0.2.3;
			};
		};
		44BB2BE629A84DEC000643A9 /* XCRemoteSwiftPackageReference "ActivityIndicatorView" */ = {
			isa = XCRemoteSwiftPackageReference;
			repositoryURL = "https://github.com/exyte/ActivityIndicatorView";
			requirement = {
				kind = upToNextMajorVersion;
				minimumVersion = 1.0.0;
			};
		};
		44BB2BE929A850DF000643A9 /* XCRemoteSwiftPackageReference "amplify-swift" */ = {
			isa = XCRemoteSwiftPackageReference;
			repositoryURL = "https://github.com/aws-amplify/amplify-swift";
			requirement = {
				kind = upToNextMajorVersion;
				minimumVersion = 2.0.0;
			};
		};
		44BC3A2E29B82A010064CC45 /* XCRemoteSwiftPackageReference "firebase-ios-sdk" */ = {
			isa = XCRemoteSwiftPackageReference;
			repositoryURL = "https://github.com/firebase/firebase-ios-sdk.git";
			requirement = {
				branch = master;
				kind = branch;
			};
		};
/* End XCRemoteSwiftPackageReference section */

/* Begin XCSwiftPackageProductDependency section */
		44BB2BC929A8446C000643A9 /* Introspect */ = {
			isa = XCSwiftPackageProductDependency;
			package = 44BB2BC829A8446C000643A9 /* XCRemoteSwiftPackageReference "SwiftUI-Introspect" */;
			productName = Introspect;
		};
		44BB2BE729A84DEC000643A9 /* ActivityIndicatorView */ = {
			isa = XCSwiftPackageProductDependency;
			package = 44BB2BE629A84DEC000643A9 /* XCRemoteSwiftPackageReference "ActivityIndicatorView" */;
			productName = ActivityIndicatorView;
		};
		44BB2BEA29A850DF000643A9 /* AWSAPIPlugin */ = {
			isa = XCSwiftPackageProductDependency;
			package = 44BB2BE929A850DF000643A9 /* XCRemoteSwiftPackageReference "amplify-swift" */;
			productName = AWSAPIPlugin;
		};
		44BB2BEC29A850DF000643A9 /* AWSCognitoAuthPlugin */ = {
			isa = XCSwiftPackageProductDependency;
			package = 44BB2BE929A850DF000643A9 /* XCRemoteSwiftPackageReference "amplify-swift" */;
			productName = AWSCognitoAuthPlugin;
		};
		44BB2BEE29A850DF000643A9 /* AWSDataStorePlugin */ = {
			isa = XCSwiftPackageProductDependency;
			package = 44BB2BE929A850DF000643A9 /* XCRemoteSwiftPackageReference "amplify-swift" */;
			productName = AWSDataStorePlugin;
		};
		44BB2BF029A850DF000643A9 /* AWSPinpointAnalyticsPlugin */ = {
			isa = XCSwiftPackageProductDependency;
			package = 44BB2BE929A850DF000643A9 /* XCRemoteSwiftPackageReference "amplify-swift" */;
			productName = AWSPinpointAnalyticsPlugin;
		};
		44BB2BF229A850DF000643A9 /* AWSPluginsCore */ = {
			isa = XCSwiftPackageProductDependency;
			package = 44BB2BE929A850DF000643A9 /* XCRemoteSwiftPackageReference "amplify-swift" */;
			productName = AWSPluginsCore;
		};
		44BB2BF429A850DF000643A9 /* Amplify */ = {
			isa = XCSwiftPackageProductDependency;
			package = 44BB2BE929A850DF000643A9 /* XCRemoteSwiftPackageReference "amplify-swift" */;
			productName = Amplify;
		};
		44BC3A2F29B82A020064CC45 /* FirebaseAuth */ = {
			isa = XCSwiftPackageProductDependency;
			package = 44BC3A2E29B82A010064CC45 /* XCRemoteSwiftPackageReference "firebase-ios-sdk" */;
			productName = FirebaseAuth;
		};
		44BC3A3129B82A020064CC45 /* FirebaseDatabase */ = {
			isa = XCSwiftPackageProductDependency;
			package = 44BC3A2E29B82A010064CC45 /* XCRemoteSwiftPackageReference "firebase-ios-sdk" */;
			productName = FirebaseDatabase;
		};
		44BC3A3329B82A020064CC45 /* FirebaseFirestore */ = {
			isa = XCSwiftPackageProductDependency;
			package = 44BC3A2E29B82A010064CC45 /* XCRemoteSwiftPackageReference "firebase-ios-sdk" */;
			productName = FirebaseFirestore;
		};
		44BC3A3529B82A020064CC45 /* FirebaseFirestoreSwift */ = {
			isa = XCSwiftPackageProductDependency;
			package = 44BC3A2E29B82A010064CC45 /* XCRemoteSwiftPackageReference "firebase-ios-sdk" */;
			productName = FirebaseFirestoreSwift;
		};
/* End XCSwiftPackageProductDependency section */

/* Begin XCVersionGroup section */
		44BB2BC029A83DB5000643A9 /* ScanDirect.xcdatamodeld */ = {
			isa = XCVersionGroup;
			children = (
				44BB2BC129A83DB5000643A9 /* ScanDirect.xcdatamodel */,
			);
			currentVersion = 44BB2BC129A83DB5000643A9 /* ScanDirect.xcdatamodel */;
			path = ScanDirect.xcdatamodeld;
			sourceTree = "<group>";
			versionGroupType = wrapper.xcdatamodel;
		};
/* End XCVersionGroup section */
	};
	rootObject = 44BB2BAA29A83DB4000643A9 /* Project object */;
}
